
Microsoft Visual Studio Solution File, Format Version 12.00
# Visual Studio Version 17
VisualStudioVersion = 17.13.35818.85 d17.13
MinimumVisualStudioVersion = 10.0.40219.1
Project("{8BC9CEB8-8B4A-11D0-8D11-00A0C91BC942}") = "Project1", "Project1\Project1.vcxproj", "{0794BB70-8F6E-40F1-83D9-1C183DF52F9B}"
EndProject
Global
	GlobalSection(SolutionConfigurationPlatforms) = preSolution
		Debug|x64 = Debug|x64
		Debug|x86 = Debug|x86
		Release|x64 = Release|x64
		Release|x86 = Release|x86
	EndGlobalSection
	GlobalSection(ProjectConfigurationPlatforms) = postSolution
		{0794BB70-8F6E-40F1-83D9-1C183DF52F9B}.Debug|x64.ActiveCfg = Debug|x64
		{0794BB70-8F6E-40F1-83D9-1C183DF52F9B}.Debug|x64.Build.0 = Debug|x64
		{0794BB70-8F6E-40F1-83D9-1C183DF52F9B}.Debug|x86.ActiveCfg = Debug|Win32
		{0794BB70-8F6E-40F1-83D9-1C183DF52F9B}.Debug|x86.Build.0 = Debug|Win32
		{0794BB70-8F6E-40F1-83D9-1C183DF52F9B}.Release|x64.ActiveCfg = Release|x64
		{0794BB70-8F6E-40F1-83D9-1C183DF52F9B}.Release|x64.Build.0 = Release|x64
		{0794BB70-8F6E-40F1-83D9-1C183DF52F9B}.Release|x86.ActiveCfg = Release|Win32
		{0794BB70-8F6E-40F1-83D9-1C183DF52F9B}.Release|x86.Build.0 = Release|Win32
	EndGlobalSection
	GlobalSection(SolutionProperties) = preSolution
		HideSolutionNode = FALSE
	EndGlobalSection
	GlobalSection(ExtensibilityGlobals) = postSolution
		SolutionGuid = {C8AE048C-2C47-4D8E-99D4-4627232CF8FE}
	EndGlobalSection
EndGlobal
